
Microsoft Visual Studio Solution File, Format Version 12.00
# Visual Studio Version 16
VisualStudioVersion = 16.0.33214.272
MinimumVisualStudioVersion = 10.0.40219.1
Project("{00D1A9C2-B5F0-4AF3-8072-F6C62B433612}") = "SportPortal", "SportPortal\SportPortal.sqlproj", "{47CBBB09-6FB0-4EAE-A3DC-AEFDECCF6585}"
EndProject
Global
	GlobalSection(SolutionConfigurationPlatforms) = preSolution
		Debug|Any CPU = Debug|Any CPU
		Release|Any CPU = Release|Any CPU
	EndGlobalSection
	GlobalSection(ProjectConfigurationPlatforms) = postSolution
		{47CBBB09-6FB0-4EAE-A3DC-AEFDECCF6585}.Debug|Any CPU.ActiveCfg = Debug|Any CPU
		{47CBBB09-6FB0-4EAE-A3DC-AEFDECCF6585}.Debug|Any CPU.Build.0 = Debug|Any CPU
		{47CBBB09-6FB0-4EAE-A3DC-AEFDECCF6585}.Debug|Any CPU.Deploy.0 = Debug|Any CPU
		{47CBBB09-6FB0-4EAE-A3DC-AEFDECCF6585}.Release|Any CPU.ActiveCfg = Release|Any CPU
		{47CBBB09-6FB0-4EAE-A3DC-AEFDECCF6585}.Release|Any CPU.Build.0 = Release|Any CPU
		{47CBBB09-6FB0-4EAE-A3DC-AEFDECCF6585}.Release|Any CPU.Deploy.0 = Release|Any CPU
	EndGlobalSection
	GlobalSection(SolutionProperties) = preSolution
		HideSolutionNode = FALSE
	EndGlobalSection
	GlobalSection(ExtensibilityGlobals) = postSolution
		SolutionGuid = {C6CE8100-24CA-4333-8384-D7247DF1FAC7}
	EndGlobalSection
EndGlobal
